
Microsoft Visual Studio Solution File, Format Version 12.00
# Visual Studio 14
VisualStudioVersion = 14.0.25420.1
MinimumVisualStudioVersion = 10.0.40219.1
Project("{2150E333-8FDC-42A3-9474-1A3956D46DE8}") = "src", "src", "{F5DD58F5-735E-4A47-94F6-9F2124A02EFC}"
EndProject
Project("{2150E333-8FDC-42A3-9474-1A3956D46DE8}") = "Solution Items", "Solution Items", "{5A3C7A5B-6BBA-4313-A151-AC010CCB0A91}"
	ProjectSection(SolutionItems) = preProject
		global.json = global.json
	EndProjectSection
EndProject
Project("{8BB2217D-0F2D-49D1-97BC-3654ED321F3B}") = "GitDemo", "src\GitDemo\GitDemo.xproj", "{C4C02D94-34CE-451B-AF40-5C0E9B1FF214}"
EndProject
Global
	GlobalSection(SolutionConfigurationPlatforms) = preSolution
		Debug|Any CPU = Debug|Any CPU
		Release|Any CPU = Release|Any CPU
	EndGlobalSection
	GlobalSection(ProjectConfigurationPlatforms) = postSolution
		{C4C02D94-34CE-451B-AF40-5C0E9B1FF214}.Debug|Any CPU.ActiveCfg = Debug|Any CPU
		{C4C02D94-34CE-451B-AF40-5C0E9B1FF214}.Debug|Any CPU.Build.0 = Debug|Any CPU
		{C4C02D94-34CE-451B-AF40-5C0E9B1FF214}.Release|Any CPU.ActiveCfg = Release|Any CPU
		{C4C02D94-34CE-451B-AF40-5C0E9B1FF214}.Release|Any CPU.Build.0 = Release|Any CPU
	EndGlobalSection
	GlobalSection(SolutionProperties) = preSolution
		HideSolutionNode = FALSE
	EndGlobalSection
	GlobalSection(NestedProjects) = preSolution
		{C4C02D94-34CE-451B-AF40-5C0E9B1FF214} = {F5DD58F5-735E-4A47-94F6-9F2124A02EFC}
	EndGlobalSection
EndGlobal
